
Microsoft Visual Studio Solution File, Format Version 12.00
# Visual Studio 15
VisualStudioVersion = 15.0.27428.2027
MinimumVisualStudioVersion = 10.0.40219.1
Project("{8BC9CEB8-8B4A-11D0-8D11-00A0C91BC942}") = "WinsockServer", "WinsockServer\WinsockServer.vcxproj", "{F333080C-B295-4529-9EC6-066FCCC57C64}"
EndProject
Project("{8BC9CEB8-8B4A-11D0-8D11-00A0C91BC942}") = "WinsockClient", "WinsockClient\WinsockClient.vcxproj", "{EED60012-5F07-417D-ABD1-8E1A12C55414}"
EndProject
Global
	GlobalSection(SolutionConfigurationPlatforms) = preSolution
		Debug|x64 = Debug|x64
		Debug|x86 = Debug|x86
		Release|x64 = Release|x64
		Release|x86 = Release|x86
	EndGlobalSection
	GlobalSection(ProjectConfigurationPlatforms) = postSolution
		{F333080C-B295-4529-9EC6-066FCCC57C64}.Debug|x64.ActiveCfg = Debug|x64
		{F333080C-B295-4529-9EC6-066FCCC57C64}.Debug|x64.Build.0 = Debug|x64
		{F333080C-B295-4529-9EC6-066FCCC57C64}.Debug|x86.ActiveCfg = Debug|Win32
		{F333080C-B295-4529-9EC6-066FCCC57C64}.Debug|x86.Build.0 = Debug|Win32
		{F333080C-B295-4529-9EC6-066FCCC57C64}.Release|x64.ActiveCfg = Release|x64
		{F333080C-B295-4529-9EC6-066FCCC57C64}.Release|x64.Build.0 = Release|x64
		{F333080C-B295-4529-9EC6-066FCCC57C64}.Release|x86.ActiveCfg = Release|Win32
		{F333080C-B295-4529-9EC6-066FCCC57C64}.Release|x86.Build.0 = Release|Win32
		{EED60012-5F07-417D-ABD1-8E1A12C55414}.Debug|x64.ActiveCfg = Debug|x64
		{EED60012-5F07-417D-ABD1-8E1A12C55414}.Debug|x64.Build.0 = Debug|x64
		{EED60012-5F07-417D-ABD1-8E1A12C55414}.Debug|x86.ActiveCfg = Debug|Win32
		{EED60012-5F07-417D-ABD1-8E1A12C55414}.Debug|x86.Build.0 = Debug|Win32
		{EED60012-5F07-417D-ABD1-8E1A12C55414}.Release|x64.ActiveCfg = Release|x64
		{EED60012-5F07-417D-ABD1-8E1A12C55414}.Release|x64.Build.0 = Release|x64
		{EED60012-5F07-417D-ABD1-8E1A12C55414}.Release|x86.ActiveCfg = Release|Win32
		{EED60012-5F07-417D-ABD1-8E1A12C55414}.Release|x86.Build.0 = Release|Win32
	EndGlobalSection
	GlobalSection(SolutionProperties) = preSolution
		HideSolutionNode = FALSE
	EndGlobalSection
	GlobalSection(ExtensibilityGlobals) = postSolution
		SolutionGuid = {5C54DB90-FA3D-4539-AEE2-CEE58134C7AE}
	EndGlobalSection
EndGlobal
